
Microsoft Visual Studio Solution File, Format Version 12.00
# Visual Studio 15
VisualStudioVersion = 15.0.28010.2048
MinimumVisualStudioVersion = 10.0.40219.1
Project("{FAE04EC0-301F-11D3-BF4B-00C04F79EFBC}") = "NaivePlanner", "NaivePlanner\NaivePlanner.csproj", "{B1E11649-C2ED-432B-B144-12D1A3A82BBD}"
EndProject
Global
	GlobalSection(SolutionConfigurationPlatforms) = preSolution
		Debug|Any CPU = Debug|Any CPU
		Release|Any CPU = Release|Any CPU
	EndGlobalSection
	GlobalSection(ProjectConfigurationPlatforms) = postSolution
		{B1E11649-C2ED-432B-B144-12D1A3A82BBD}.Debug|Any CPU.ActiveCfg = Debug|Any CPU
		{B1E11649-C2ED-432B-B144-12D1A3A82BBD}.Debug|Any CPU.Build.0 = Debug|Any CPU
		{B1E11649-C2ED-432B-B144-12D1A3A82BBD}.Release|Any CPU.ActiveCfg = Release|Any CPU
		{B1E11649-C2ED-432B-B144-12D1A3A82BBD}.Release|Any CPU.Build.0 = Release|Any CPU
	EndGlobalSection
	GlobalSection(SolutionProperties) = preSolution
		HideSolutionNode = FALSE
	EndGlobalSection
	GlobalSection(ExtensibilityGlobals) = postSolution
		SolutionGuid = {737817A8-1100-45BE-99F0-F558E94835F3}
	EndGlobalSection
EndGlobal
